# This file is automatically @generated by Cargo.
# It is not intended for manual editing.
version = 3

[[package]]
name = "libm"
version = "0.2.16"
source = "registry+https://github.com/rust-lang/crates.io-index"
checksum = "b6d2cec3eae94f9f509c767b45932f1ada8350c4bdb85af2fcab4a3c14807981"

[[package]]
name = "uor-foundation"
version = "0.3.0"
source = "registry+https://github.com/rust-lang/crates.io-index"
checksum = "83dd60c9e1535ce5cf908ed43a8c7bc429c604b8d042a1e5cb981d86b9df8d8c"
dependencies = [
 "libm",
]

[[package]]
name = "uor-prism"
version = "0.1.0"
dependencies = [
 "uor-foundation",
]

[[package]]
name = "uor-prism-verify"
version = "0.1.0"
dependencies = [
 "uor-foundation",
 "uor-prism",
]

[[package]]
name = "wiki-link-check"
version = "0.1.0"
